
Microsoft Visual Studio Solution File, Format Version 12.00
# Visual Studio 15
VisualStudioVersion = 15.0.28010.2048
MinimumVisualStudioVersion = 10.0.40219.1
Project("{FAE04EC0-301F-11D3-BF4B-00C04F79EFBC}") = "NeoWeb", "NeoWeb\NeoWeb.csproj", "{A6C8B728-5060-4CB9-9D65-1DDBF11BE63F}"
EndProject
Project("{FAE04EC0-301F-11D3-BF4B-00C04F79EFBC}") = "UnitTests", "UnitTests\UnitTests.csproj", "{2F6AF653-BDC0-4CBD-B954-1A73392C2DFA}"
EndProject
Global
	GlobalSection(SolutionConfigurationPlatforms) = preSolution
		Debug|Any CPU = Debug|Any CPU
		Debug|x64 = Debug|x64
		Debug|x86 = Debug|x86
		PROD|Any CPU = PROD|Any CPU
		PROD|x64 = PROD|x64
		PROD|x86 = PROD|x86
		Release|Any CPU = Release|Any CPU
		Release|x64 = Release|x64
		Release|x86 = Release|x86
	EndGlobalSection
	GlobalSection(ProjectConfigurationPlatforms) = postSolution
		{A6C8B728-5060-4CB9-9D65-1DDBF11BE63F}.Debug|Any CPU.ActiveCfg = Release|Any CPU
		{A6C8B728-5060-4CB9-9D65-1DDBF11BE63F}.Debug|Any CPU.Build.0 = Release|Any CPU
		{A6C8B728-5060-4CB9-9D65-1DDBF11BE63F}.Debug|x64.ActiveCfg = Debug|Any CPU
		{A6C8B728-5060-4CB9-9D65-1DDBF11BE63F}.Debug|x64.Build.0 = Debug|Any CPU
		{A6C8B728-5060-4CB9-9D65-1DDBF11BE63F}.Debug|x86.ActiveCfg = Debug|Any CPU
		{A6C8B728-5060-4CB9-9D65-1DDBF11BE63F}.Debug|x86.Build.0 = Debug|Any CPU
		{A6C8B728-5060-4CB9-9D65-1DDBF11BE63F}.PROD|Any CPU.ActiveCfg = Release|Any CPU
		{A6C8B728-5060-4CB9-9D65-1DDBF11BE63F}.PROD|Any CPU.Build.0 = Release|Any CPU
		{A6C8B728-5060-4CB9-9D65-1DDBF11BE63F}.PROD|x64.ActiveCfg = Debug|Any CPU
		{A6C8B728-5060-4CB9-9D65-1DDBF11BE63F}.PROD|x64.Build.0 = Debug|Any CPU
		{A6C8B728-5060-4CB9-9D65-1DDBF11BE63F}.PROD|x86.ActiveCfg = Debug|Any CPU
		{A6C8B728-5060-4CB9-9D65-1DDBF11BE63F}.PROD|x86.Build.0 = Debug|Any CPU
		{A6C8B728-5060-4CB9-9D65-1DDBF11BE63F}.Release|Any CPU.ActiveCfg = Release|Any CPU
		{A6C8B728-5060-4CB9-9D65-1DDBF11BE63F}.Release|Any CPU.Build.0 = Release|Any CPU
		{A6C8B728-5060-4CB9-9D65-1DDBF11BE63F}.Release|x64.ActiveCfg = Release|Any CPU
		{A6C8B728-5060-4CB9-9D65-1DDBF11BE63F}.Release|x64.Build.0 = Release|Any CPU
		{A6C8B728-5060-4CB9-9D65-1DDBF11BE63F}.Release|x86.ActiveCfg = Release|Any CPU
		{A6C8B728-5060-4CB9-9D65-1DDBF11BE63F}.Release|x86.Build.0 = Release|Any CPU
		{2F6AF653-BDC0-4CBD-B954-1A73392C2DFA}.Debug|Any CPU.ActiveCfg = Release|Any CPU
		{2F6AF653-BDC0-4CBD-B954-1A73392C2DFA}.Debug|Any CPU.Build.0 = Release|Any CPU
		{2F6AF653-BDC0-4CBD-B954-1A73392C2DFA}.Debug|x64.ActiveCfg = Debug|Any CPU
		{2F6AF653-BDC0-4CBD-B954-1A73392C2DFA}.Debug|x64.Build.0 = Debug|Any CPU
		{2F6AF653-BDC0-4CBD-B954-1A73392C2DFA}.Debug|x86.ActiveCfg = Debug|Any CPU
		{2F6AF653-BDC0-4CBD-B954-1A73392C2DFA}.Debug|x86.Build.0 = Debug|Any CPU
		{2F6AF653-BDC0-4CBD-B954-1A73392C2DFA}.PROD|Any CPU.ActiveCfg = Release|Any CPU
		{2F6AF653-BDC0-4CBD-B954-1A73392C2DFA}.PROD|Any CPU.Build.0 = Release|Any CPU
		{2F6AF653-BDC0-4CBD-B954-1A73392C2DFA}.PROD|x64.ActiveCfg = Debug|Any CPU
		{2F6AF653-BDC0-4CBD-B954-1A73392C2DFA}.PROD|x64.Build.0 = Debug|Any CPU
		{2F6AF653-BDC0-4CBD-B954-1A73392C2DFA}.PROD|x86.ActiveCfg = Debug|Any CPU
		{2F6AF653-BDC0-4CBD-B954-1A73392C2DFA}.PROD|x86.Build.0 = Debug|Any CPU
		{2F6AF653-BDC0-4CBD-B954-1A73392C2DFA}.Release|Any CPU.ActiveCfg = Release|Any CPU
		{2F6AF653-BDC0-4CBD-B954-1A73392C2DFA}.Release|Any CPU.Build.0 = Release|Any CPU
		{2F6AF653-BDC0-4CBD-B954-1A73392C2DFA}.Release|x64.ActiveCfg = Release|Any CPU
		{2F6AF653-BDC0-4CBD-B954-1A73392C2DFA}.Release|x64.Build.0 = Release|Any CPU
		{2F6AF653-BDC0-4CBD-B954-1A73392C2DFA}.Release|x86.ActiveCfg = Release|Any CPU
		{2F6AF653-BDC0-4CBD-B954-1A73392C2DFA}.Release|x86.Build.0 = Release|Any CPU
	EndGlobalSection
	GlobalSection(SolutionProperties) = preSolution
		HideSolutionNode = FALSE
	EndGlobalSection
	GlobalSection(ExtensibilityGlobals) = postSolution
		SolutionGuid = {8B8CB41A-DA9C-406D-A265-0F81E35BE2EE}
	EndGlobalSection
EndGlobal
